
Microsoft Visual Studio Solution File, Format Version 12.00
# Visual Studio 15
VisualStudioVersion = 15.0.28307.489
MinimumVisualStudioVersion = 10.0.40219.1
Project("{FAE04EC0-301F-11D3-BF4B-00C04F79EFBC}") = "Bejeweled", "Bejeweled\Bejeweled.csproj", "{94DD3542-E4ED-48E7-8698-42DC23627780}"
EndProject
Global
	GlobalSection(SolutionConfigurationPlatforms) = preSolution
		Debug|Any CPU = Debug|Any CPU
		Release|Any CPU = Release|Any CPU
	EndGlobalSection
	GlobalSection(ProjectConfigurationPlatforms) = postSolution
		{94DD3542-E4ED-48E7-8698-42DC23627780}.Debug|Any CPU.ActiveCfg = Debug|Any CPU
		{94DD3542-E4ED-48E7-8698-42DC23627780}.Debug|Any CPU.Build.0 = Debug|Any CPU
		{94DD3542-E4ED-48E7-8698-42DC23627780}.Release|Any CPU.ActiveCfg = Release|Any CPU
		{94DD3542-E4ED-48E7-8698-42DC23627780}.Release|Any CPU.Build.0 = Release|Any CPU
	EndGlobalSection
	GlobalSection(SolutionProperties) = preSolution
		HideSolutionNode = FALSE
	EndGlobalSection
	GlobalSection(ExtensibilityGlobals) = postSolution
		SolutionGuid = {5FEB7F57-5477-4C95-8A0D-56877FD843DA}
	EndGlobalSection
EndGlobal
